
Microsoft Visual Studio Solution File, Format Version 12.00
# Visual Studio Version 17
VisualStudioVersion = 17.10.35122.118
MinimumVisualStudioVersion = 10.0.40219.1
Project("{FAE04EC0-301F-11D3-BF4B-00C04F79EFBC}") = "worldCities.Server", "worldCities.Server\worldCities.Server.csproj", "{6F9F69E3-0FF8-4EAE-A010-56D16D3502BB}"
EndProject
Project("{54A90642-561A-4BB1-A94E-469ADEE60C69}") = "worldcities.client", "worldcities.client\worldcities.client.esproj", "{6BECC3AD-D59B-4CE2-8514-34B119A8EF05}"
EndProject
Global
	GlobalSection(SolutionConfigurationPlatforms) = preSolution
		Debug|Any CPU = Debug|Any CPU
		Release|Any CPU = Release|Any CPU
	EndGlobalSection
	GlobalSection(ProjectConfigurationPlatforms) = postSolution
		{6F9F69E3-0FF8-4EAE-A010-56D16D3502BB}.Debug|Any CPU.ActiveCfg = Debug|Any CPU
		{6F9F69E3-0FF8-4EAE-A010-56D16D3502BB}.Debug|Any CPU.Build.0 = Debug|Any CPU
		{6F9F69E3-0FF8-4EAE-A010-56D16D3502BB}.Release|Any CPU.ActiveCfg = Release|Any CPU
		{6F9F69E3-0FF8-4EAE-A010-56D16D3502BB}.Release|Any CPU.Build.0 = Release|Any CPU
		{6BECC3AD-D59B-4CE2-8514-34B119A8EF05}.Debug|Any CPU.ActiveCfg = Debug|Any CPU
		{6BECC3AD-D59B-4CE2-8514-34B119A8EF05}.Debug|Any CPU.Build.0 = Debug|Any CPU
		{6BECC3AD-D59B-4CE2-8514-34B119A8EF05}.Debug|Any CPU.Deploy.0 = Debug|Any CPU
		{6BECC3AD-D59B-4CE2-8514-34B119A8EF05}.Release|Any CPU.ActiveCfg = Release|Any CPU
		{6BECC3AD-D59B-4CE2-8514-34B119A8EF05}.Release|Any CPU.Build.0 = Release|Any CPU
		{6BECC3AD-D59B-4CE2-8514-34B119A8EF05}.Release|Any CPU.Deploy.0 = Release|Any CPU
	EndGlobalSection
	GlobalSection(SolutionProperties) = preSolution
		HideSolutionNode = FALSE
	EndGlobalSection
	GlobalSection(ExtensibilityGlobals) = postSolution
		SolutionGuid = {9BD9B8D8-A6AB-42DD-9DC9-C6E8B953CB43}
	EndGlobalSection
EndGlobal
